// !$*UTF8*$!
{
	archiveVersion = 1;
	classes = {
	};
	objectVersion = 77;
	objects = {

/* Begin PBXContainerItemProxy section */
		3656D1EC2E6F1E010022944B /* PBXContainerItemProxy */ = {
			isa = PBXContainerItemProxy;
			containerPortal = 3656D1D32E6F1DFD0022944B /* Project object */;
			proxyType = 1;
			remoteGlobalIDString = 3656D1DA2E6F1DFD0022944B;
			remoteInfo = "fitness-tracker";
		};
		3656D1F62E6F1E010022944B /* PBXContainerItemProxy */ = {
			isa = PBXContainerItemProxy;
			containerPortal = 3656D1D32E6F1DFD0022944B /* Project object */;
			proxyType = 1;
			remoteGlobalIDString = 3656D1DA2E6F1DFD0022944B;
			remoteInfo = "fitness-tracker";
		};
/* End PBXContainerItemProxy section */

/* Begin PBXFileReference section */
		3656D1DB2E6F1DFD0022944B /* fitness-tracker.app */ = {isa = PBXFileReference; explicitFileType = wrapper.application; includeInIndex = 0; path = "fitness-tracker.app"; sourceTree = BUILT_PRODUCTS_DIR; };
		3656D1EB2E6F1E010022944B /* fitness-trackerTests.xctest */ = {isa = PBXFileReference; explicitFileType = wrapper.cfbundle; includeInIndex = 0; path = "fitness-trackerTests.xctest"; sourceTree = BUILT_PRODUCTS_DIR; };
		3656D1F52E6F1E010022944B /* fitness-trackerUITests.xctest */ = {isa = PBXFileReference; explicitFileType = wrapper.cfbundle; includeInIndex = 0; path = "fitness-trackerUITests.xctest"; sourceTree = BUILT_PRODUCTS_DIR; };
/* End PBXFileReference section */

/* Begin PBXFileSystemSynchronizedBuildFileExceptionSet section */
		363B8FA42E7B479600B66EDE /* Exceptions for "fitness-tracker" folder in "fitness-tracker" target */ = {
			isa = PBXFileSystemSynchronizedBuildFileExceptionSet;
			membershipExceptions = (
				Info.plist,
			);
			target = 3656D1DA2E6F1DFD0022944B /* fitness-tracker */;
		};
/* End PBXFileSystemSynchronizedBuildFileExceptionSet section */

/* Begin PBXFileSystemSynchronizedRootGroup section */
		3656D1DD2E6F1DFD0022944B /* fitness-tracker */ = {
			isa = PBXFileSystemSynchronizedRootGroup;
			exceptions = (
				363B8FA42E7B479600B66EDE /* Exceptions for "fitness-tracker" folder in "fitness-tracker" target */,
			);
			path = "fitness-tracker";
			sourceTree = "<group>";
		};
		3656D1EE2E6F1E010022944B /* fitness-trackerTests */ = {
			isa = PBXFileSystemSynchronizedRootGroup;
			path = "fitness-trackerTests";
			sourceTree = "<group>";
		};
		3656D1F82E6F1E010022944B /* fitness-trackerUITests */ = {
			isa = PBXFileSystemSynchronizedRootGroup;
			path = "fitness-trackerUITests";
			sourceTree = "<group>";
		};
/* End PBXFileSystemSynchronizedRootGroup section */

/* Begin PBXFrameworksBuildPhase section */
		3656D1D82E6F1DFD0022944B /* Frameworks */ = {
			isa = PBXFrameworksBuildPhase;
			buildActionMask = 2147483647;
			files = (
			);
			runOnlyForDeploymentPostprocessing = 0;
		};
		3656D1E82E6F1E010022944B /* Frameworks */ = {
			isa = PBXFrameworksBuildPhase;
			buildActionMask = 2147483647;
			files = (
			);
			runOnlyForDeploymentPostprocessing = 0;
		};
		3656D1F22E6F1E010022944B /* Frameworks */ = {
			isa = PBXFrameworksBuildPhase;
			buildActionMask = 2147483647;
			files = (
			);
			runOnlyForDeploymentPostprocessing = 0;
		};
/* End PBXFrameworksBuildPhase section */

/* Begin PBXGroup section */
		3656D1D22E6F1DFD0022944B = {
			isa = PBXGroup;
			children = (
				3656D1DD2E6F1DFD0022944B /* fitness-tracker */,
				3656D1EE2E6F1E010022944B /* fitness-trackerTests */,
				3656D1F82E6F1E010022944B /* fitness-trackerUITests */,
				3656D1DC2E6F1DFD0022944B /* Products */,
			);
			sourceTree = "<group>";
		};
		3656D1DC2E6F1DFD0022944B /* Products */ = {
			isa = PBXGroup;
			children = (
				3656D1DB2E6F1DFD0022944B /* fitness-tracker.app */,
				3656D1EB2E6F1E010022944B /* fitness-trackerTests.xctest */,
				3656D1F52E6F1E010022944B /* fitness-trackerUITests.xctest */,
			);
			name = Products;
			sourceTree = "<group>";
		};
/* End PBXGroup section */

/* Begin PBXNativeTarget section */
		3656D1DA2E6F1DFD0022944B /* fitness-tracker */ = {
			isa = PBXNativeTarget;
			buildConfigurationList = 3656D1FF2E6F1E010022944B /* Build configuration list for PBXNativeTarget "fitness-tracker" */;
			buildPhases = (
				3656D1D72E6F1DFD0022944B /* Sources */,
				3656D1D82E6F1DFD0022944B /* Frameworks */,
				3656D1D92E6F1DFD0022944B /* Resources */,
			);
			buildRules = (
			);
			dependencies = (
			);
			fileSystemSynchronizedGroups = (
				3656D1DD2E6F1DFD0022944B /* fitness-tracker */,
			);
			name = "fitness-tracker";
			packageProductDependencies = (
			);
			productName = "fitness-tracker";
			productReference = 3656D1DB2E6F1DFD0022944B /* fitness-tracker.app */;
			productType = "com.apple.product-type.application";
		};
		3656D1EA2E6F1E010022944B /* fitness-trackerTests */ = {
			isa = PBXNativeTarget;
			buildConfigurationList = 3656D2022E6F1E010022944B /* Build configuration list for PBXNativeTarget "fitness-trackerTests" */;
			buildPhases = (
				3656D1E72E6F1E010022944B /* Sources */,
				3656D1E82E6F1E010022944B /* Frameworks */,
				3656D1E92E6F1E010022944B /* Resources */,
			);
			buildRules = (
			);
			dependencies = (
				3656D1ED2E6F1E010022944B /* PBXTargetDependency */,
			);
			fileSystemSynchronizedGroups = (
				3656D1EE2E6F1E010022944B /* fitness-trackerTests */,
			);
			name = "fitness-trackerTests";
			packageProductDependencies = (
			);
			productName = "fitness-trackerTests";
			productReference = 3656D1EB2E6F1E010022944B /* fitness-trackerTests.xctest */;
			productType = "com.apple.product-type.bundle.unit-test";
		};
		3656D1F42E6F1E010022944B /* fitness-trackerUITests */ = {
			isa = PBXNativeTarget;
			buildConfigurationList = 3656D2052E6F1E010022944B /* Build configuration list for PBXNativeTarget "fitness-trackerUITests" */;
			buildPhases = (
				3656D1F12E6F1E010022944B /* Sources */,
				3656D1F22E6F1E010022944B /* Frameworks */,
				3656D1F32E6F1E010022944B /* Resources */,
			);
			buildRules = (
			);
			dependencies = (
				3656D1F72E6F1E010022944B /* PBXTargetDependency */,
			);
			fileSystemSynchronizedGroups = (
				3656D1F82E6F1E010022944B /* fitness-trackerUITests */,
			);
			name = "fitness-trackerUITests";
			packageProductDependencies = (
			);
			productName = "fitness-trackerUITests";
			productReference = 3656D1F52E6F1E010022944B /* fitness-trackerUITests.xctest */;
			productType = "com.apple.product-type.bundle.ui-testing";
		};
/* End PBXNativeTarget section */

/* Begin PBXProject section */
		3656D1D32E6F1DFD0022944B /* Project object */ = {
			isa = PBXProject;
			attributes = {
				BuildIndependentTargetsInParallel = 1;
				LastSwiftUpdateCheck = 1620;
				LastUpgradeCheck = 1620;
				TargetAttributes = {
					3656D1DA2E6F1DFD0022944B = {
						CreatedOnToolsVersion = 16.2;
					};
					3656D1EA2E6F1E010022944B = {
						CreatedOnToolsVersion = 16.2;
						TestTargetID = 3656D1DA2E6F1DFD0022944B;
					};
					3656D1F42E6F1E010022944B = {
						CreatedOnToolsVersion = 16.2;
						TestTargetID = 3656D1DA2E6F1DFD0022944B;
					};
				};
			};
			buildConfigurationList = 3656D1D62E6F1DFD0022944B /* Build configuration list for PBXProject "fitness-tracker" */;
			developmentRegion = en;
			hasScannedForEncodings = 0;
			knownRegions = (
				en,
				Base,
			);
			mainGroup = 3656D1D22E6F1DFD0022944B;
			minimizedProjectReferenceProxies = 1;
			preferredProjectObjectVersion = 77;
			productRefGroup = 3656D1DC2E6F1DFD0022944B /* Products */;
			projectDirPath = "";
			projectRoot = "";
			targets = (
				3656D1DA2E6F1DFD0022944B /* fitness-tracker */,
				3656D1EA2E6F1E010022944B /* fitness-trackerTests */,
				3656D1F42E6F1E010022944B /* fitness-trackerUITests */,
			);
		};
/* End PBXProject section */

/* Begin PBXResourcesBuildPhase section */
		3656D1D92E6F1DFD0022944B /* Resources */ = {
			isa = PBXResourcesBuildPhase;
			buildActionMask = 2147483647;
			files = (
			);
			runOnlyForDeploymentPostprocessing = 0;
		};
		3656D1E92E6F1E010022944B /* Resources */ = {
			isa = PBXResourcesBuildPhase;
			buildActionMask = 2147483647;
			files = (
			);
			runOnlyForDeploymentPostprocessing = 0;
		};
		3656D1F32E6F1E010022944B /* Resources */ = {
			isa = PBXResourcesBuildPhase;
			buildActionMask = 2147483647;
			files = (
			);
			runOnlyForDeploymentPostprocessing = 0;
		};
/* End PBXResourcesBuildPhase section */

/* Begin PBXSourcesBuildPhase section */
		3656D1D72E6F1DFD0022944B /* Sources */ = {
			isa = PBXSourcesBuildPhase;
			buildActionMask = 2147483647;
			files = (
			);
			runOnlyForDeploymentPostprocessing = 0;
		};
		3656D1E72E6F1E010022944B /* Sources */ = {
			isa = PBXSourcesBuildPhase;
			buildActionMask = 2147483647;
			files = (
			);
			runOnlyForDeploymentPostprocessing = 0;
		};
		3656D1F12E6F1E010022944B /* Sources */ = {
			isa = PBXSourcesBuildPhase;
			buildActionMask = 2147483647;
			files = (
			);
			runOnlyForDeploymentPostprocessing = 0;
		};
/* End PBXSourcesBuildPhase section */

/* Begin PBXTargetDependency section */
		3656D1ED2E6F1E010022944B /* PBXTargetDependency */ = {
			isa = PBXTargetDependency;
			target = 3656D1DA2E6F1DFD0022944B /* fitness-tracker */;
			targetProxy = 3656D1EC2E6F1E010022944B /* PBXContainerItemProxy */;
		};
		3656D1F72E6F1E010022944B /* PBXTargetDependency */ = {
			isa = PBXTargetDependency;
			target = 3656D1DA2E6F1DFD0022944B /* fitness-tracker */;
			targetProxy = 3656D1F62E6F1E010022944B /* PBXContainerItemProxy */;
		};
/* End PBXTargetDependency section */

/* Begin XCBuildConfiguration section */
		3656D1FD2E6F1E010022944B /* Debug */ = {
			isa = XCBuildConfiguration;
			buildSettings = {
				ALWAYS_SEARCH_USER_PATHS = NO;
				ASSETCATALOG_COMPILER_GENERATE_SWIFT_ASSET_SYMBOL_EXTENSIONS = YES;
				CLANG_ANALYZER_NONNULL = YES;
				CLANG_ANALYZER_NUMBER_OBJECT_CONVERSION = YES_AGGRESSIVE;
				CLANG_CXX_LANGUAGE_STANDARD = "gnu++20";
				CLANG_ENABLE_MODULES = YES;
				CLANG_ENABLE_OBJC_ARC = YES;
				CLANG_ENABLE_OBJC_WEAK = YES;
				CLANG_WARN_BLOCK_CAPTURE_AUTORELEASING = YES;
				CLANG_WARN_BOOL_CONVERSION = YES;
				CLANG_WARN_COMMA = YES;
				CLANG_WARN_CONSTANT_CONVERSION = YES;
				CLANG_WARN_DEPRECATED_OBJC_IMPLEMENTATIONS = YES;
				CLANG_WARN_DIRECT_OBJC_ISA_USAGE = YES_ERROR;
				CLANG_WARN_DOCUMENTATION_COMMENTS = YES;
				CLANG_WARN_EMPTY_BODY = YES;
				CLANG_WARN_ENUM_CONVERSION = YES;
				CLANG_WARN_INFINITE_RECURSION = YES;
				CLANG_WARN_INT_CONVERSION = YES;
				CLANG_WARN_NON_LITERAL_NULL_CONVERSION = YES;
				CLANG_WARN_OBJC_IMPLICIT_RETAIN_SELF = YES;
				CLANG_WARN_OBJC_LITERAL_CONVERSION = YES;
				CLANG_WARN_OBJC_ROOT_CLASS = YES_ERROR;
				CLANG_WARN_QUOTED_INCLUDE_IN_FRAMEWORK_HEADER = YES;
				CLANG_WARN_RANGE_LOOP_ANALYSIS = YES;
				CLANG_WARN_STRICT_PROTOTYPES = YES;
				CLANG_WARN_SUSPICIOUS_MOVE = YES;
				CLANG_WARN_UNGUARDED_AVAILABILITY = YES_AGGRESSIVE;
				CLANG_WARN_UNREACHABLE_CODE = YES;
				CLANG_WARN__DUPLICATE_METHOD_MATCH = YES;
				COPY_PHASE_STRIP = NO;
				DEBUG_INFORMATION_FORMAT = dwarf;
				ENABLE_STRICT_OBJC_MSGSEND = YES;
				ENABLE_TESTABILITY = YES;
				ENABLE_USER_SCRIPT_SANDBOXING = YES;
				GCC_C_LANGUAGE_STANDARD = gnu17;
				GCC_DYNAMIC_NO_PIC = NO;
				GCC_NO_COMMON_BLOCKS = YES;
				GCC_OPTIMIZATION_LEVEL = 0;
				GCC_PREPROCESSOR_DEFINITIONS = (
					"DEBUG=1",
					"$(inherited)",
				);
				GCC_WARN_64_TO_32_BIT_CONVERSION = YES;
				GCC_WARN_ABOUT_RETURN_TYPE = YES_ERROR;
				GCC_WARN_UNDECLARED_SELECTOR = YES;
				GCC_WARN_UNINITIALIZED_AUTOS = YES_AGGRESSIVE;
				GCC_WARN_UNUSED_FUNCTION = YES;
				GCC_WARN_UNUSED_VARIABLE = YES;
				IPHONEOS_DEPLOYMENT_TARGET = 18.2;
				LOCALIZATION_PREFERS_STRING_CATALOGS = YES;
				MTL_ENABLE_DEBUG_INFO = INCLUDE_SOURCE;
				MTL_FAST_MATH = YES;
				ONLY_ACTIVE_ARCH = YES;
				SDKROOT = iphoneos;
				SWIFT_ACTIVE_COMPILATION_CONDITIONS = "DEBUG $(inherited)";
				SWIFT_OPTIMIZATION_LEVEL = "-Onone";
			};
			name = Debug;
		};
		3656D1FE2E6F1E010022944B /* Release */ = {
			isa = XCBuildConfiguration;
			buildSettings = {
				ALWAYS_SEARCH_USER_PATHS = NO;
				ASSETCATALOG_COMPILER_GENERATE_SWIFT_ASSET_SYMBOL_EXTENSIONS = YES;
				CLANG_ANALYZER_NONNULL = YES;
				CLANG_ANALYZER_NUMBER_OBJECT_CONVERSION = YES_AGGRESSIVE;
				CLANG_CXX_LANGUAGE_STANDARD = "gnu++20";
				CLANG_ENABLE_MODULES = YES;
				CLANG_ENABLE_OBJC_ARC = YES;
				CLANG_ENABLE_OBJC_WEAK = YES;
				CLANG_WARN_BLOCK_CAPTURE_AUTORELEASING = YES;
				CLANG_WARN_BOOL_CONVERSION = YES;
				CLANG_WARN_COMMA = YES;
				CLANG_WARN_CONSTANT_CONVERSION = YES;
				CLANG_WARN_DEPRECATED_OBJC_IMPLEMENTATIONS = YES;
				CLANG_WARN_DIRECT_OBJC_ISA_USAGE = YES_ERROR;
				CLANG_WARN_DOCUMENTATION_COMMENTS = YES;
				CLANG_WARN_EMPTY_BODY = YES;
				CLANG_WARN_ENUM_CONVERSION = YES;
				CLANG_WARN_INFINITE_RECURSION = YES;
				CLANG_WARN_INT_CONVERSION = YES;
				CLANG_WARN_NON_LITERAL_NULL_CONVERSION = YES;
				CLANG_WARN_OBJC_IMPLICIT_RETAIN_SELF = YES;
				CLANG_WARN_OBJC_LITERAL_CONVERSION = YES;
				CLANG_WARN_OBJC_ROOT_CLASS = YES_ERROR;
				CLANG_WARN_QUOTED_INCLUDE_IN_FRAMEWORK_HEADER = YES;
				CLANG_WARN_RANGE_LOOP_ANALYSIS = YES;
				CLANG_WARN_STRICT_PROTOTYPES = YES;
				CLANG_WARN_SUSPICIOUS_MOVE = YES;
				CLANG_WARN_UNGUARDED_AVAILABILITY = YES_AGGRESSIVE;
				CLANG_WARN_UNREACHABLE_CODE = YES;
				CLANG_WARN__DUPLICATE_METHOD_MATCH = YES;
				COPY_PHASE_STRIP = NO;
				DEBUG_INFORMATION_FORMAT = "dwarf-with-dsym";
				ENABLE_NS_ASSERTIONS = NO;
				ENABLE_STRICT_OBJC_MSGSEND = YES;
				ENABLE_USER_SCRIPT_SANDBOXING = YES;
				GCC_C_LANGUAGE_STANDARD = gnu17;
				GCC_NO_COMMON_BLOCKS = YES;
				GCC_WARN_64_TO_32_BIT_CONVERSION = YES;
				GCC_WARN_ABOUT_RETURN_TYPE = YES_ERROR;
				GCC_WARN_UNDECLARED_SELECTOR = YES;
				GCC_WARN_UNINITIALIZED_AUTOS = YES_AGGRESSIVE;
				GCC_WARN_UNUSED_FUNCTION = YES;
				GCC_WARN_UNUSED_VARIABLE = YES;
				IPHONEOS_DEPLOYMENT_TARGET = 18.2;
				LOCALIZATION_PREFERS_STRING_CATALOGS = YES;
				MTL_ENABLE_DEBUG_INFO = NO;
				MTL_FAST_MATH = YES;
				SDKROOT = iphoneos;
				SWIFT_COMPILATION_MODE = wholemodule;
				VALIDATE_PRODUCT = YES;
			};
			name = Release;
		};
		3656D2002E6F1E010022944B /* Debug */ = {
			isa = XCBuildConfiguration;
			buildSettings = {
				ASSETCATALOG_COMPILER_APPICON_NAME = AppIcon;
				ASSETCATALOG_COMPILER_GLOBAL_ACCENT_COLOR_NAME = AccentColor;
				CODE_SIGN_STYLE = Automatic;
				CURRENT_PROJECT_VERSION = 1;
				DEVELOPMENT_ASSET_PATHS = "\"fitness-tracker/Preview Content\"";
				DEVELOPMENT_TEAM = L6YVQ79B4G;
				ENABLE_PREVIEWS = YES;
				GENERATE_INFOPLIST_FILE = YES;
				INFOPLIST_KEY_NSCameraUsageDescription = "For use by AR workout feature";
				INFOPLIST_KEY_NSLocationWhenInUseUsageDescription = "For use by AR workout feature";
				INFOPLIST_KEY_UIApplicationSceneManifest_Generation = YES;
				INFOPLIST_KEY_UIApplicationSupportsIndirectInputEvents = YES;
				INFOPLIST_KEY_UILaunchScreen_Generation = YES;
				INFOPLIST_KEY_UISupportedInterfaceOrientations_iPad = "UIInterfaceOrientationPortrait UIInterfaceOrientationPortraitUpsideDown UIInterfaceOrientationLandscapeLeft UIInterfaceOrientationLandscapeRight";
				INFOPLIST_KEY_UISupportedInterfaceOrientations_iPhone = "UIInterfaceOrientationPortrait UIInterfaceOrientationLandscapeLeft UIInterfaceOrientationLandscapeRight";
				IPHONEOS_DEPLOYMENT_TARGET = 16.6;
				LD_RUNPATH_SEARCH_PATHS = (
					"$(inherited)",
					"@executable_path/Frameworks",
				);
				MARKETING_VERSION = 1.0;
				PRODUCT_BUNDLE_IDENTIFIER = "com.butter.fitness-tracker";
				PRODUCT_NAME = "$(TARGET_NAME)";
				SWIFT_EMIT_LOC_STRINGS = YES;
				SWIFT_VERSION = 5.0;
				TARGETED_DEVICE_FAMILY = "1,2";
			};
			name = Debug;
		};
		3656D2012E6F1E010022944B /* Release */ = {
			isa = XCBuildConfiguration;
			buildSettings = {
				ASSETCATALOG_COMPILER_APPICON_NAME = AppIcon;
				ASSETCATALOG_COMPILER_GLOBAL_ACCENT_COLOR_NAME = AccentColor;
				CODE_SIGN_STYLE = Automatic;
				CURRENT_PROJECT_VERSION = 1;
				DEVELOPMENT_ASSET_PATHS = "\"fitness-tracker/Preview Content\"";
				DEVELOPMENT_TEAM = L6YVQ79B4G;
				ENABLE_PREVIEWS = YES;
				GENERATE_INFOPLIST_FILE = YES;
				INFOPLIST_KEY_NSCameraUsageDescription = "For use by AR workout feature";
				INFOPLIST_KEY_NSLocationWhenInUseUsageDescription = "For use by AR workout feature";
				INFOPLIST_KEY_UIApplicationSceneManifest_Generation = YES;
				INFOPLIST_KEY_UIApplicationSupportsIndirectInputEvents = YES;
				INFOPLIST_KEY_UILaunchScreen_Generation = YES;
				INFOPLIST_KEY_UISupportedInterfaceOrientations_iPad = "UIInterfaceOrientationPortrait UIInterfaceOrientationPortraitUpsideDown UIInterfaceOrientationLandscapeLeft UIInterfaceOrientationLandscapeRight";
				INFOPLIST_KEY_UISupportedInterfaceOrientations_iPhone = "UIInterfaceOrientationPortrait UIInterfaceOrientationLandscapeLeft UIInterfaceOrientationLandscapeRight";
				IPHONEOS_DEPLOYMENT_TARGET = 16.6;
				LD_RUNPATH_SEARCH_PATHS = (
					"$(inherited)",
					"@executable_path/Frameworks",
				);
				MARKETING_VERSION = 1.0;
				PRODUCT_BUNDLE_IDENTIFIER = "com.butter.fitness-tracker";
				PRODUCT_NAME = "$(TARGET_NAME)";
				SWIFT_EMIT_LOC_STRINGS = YES;
				SWIFT_VERSION = 5.0;
				TARGETED_DEVICE_FAMILY = "1,2";
			};
			name = Release;
		};
		3656D2032E6F1E010022944B /* Debug */ = {
			isa = XCBuildConfiguration;
			buildSettings = {
				BUNDLE_LOADER = "$(TEST_HOST)";
				CODE_SIGN_STYLE = Automatic;
				CURRENT_PROJECT_VERSION = 1;
				GENERATE_INFOPLIST_FILE = YES;
				IPHONEOS_DEPLOYMENT_TARGET = 18.2;
				MARKETING_VERSION = 1.0;
				PRODUCT_BUNDLE_IDENTIFIER = "com.butter.fitness-trackerTests";
				PRODUCT_NAME = "$(TARGET_NAME)";
				SWIFT_EMIT_LOC_STRINGS = NO;
				SWIFT_VERSION = 5.0;
				TARGETED_DEVICE_FAMILY = "1,2";
				TEST_HOST = "$(BUILT_PRODUCTS_DIR)/fitness-tracker.app/$(BUNDLE_EXECUTABLE_FOLDER_PATH)/fitness-tracker";
			};
			name = Debug;
		};
		3656D2042E6F1E010022944B /* Release */ = {
			isa = XCBuildConfiguration;
			buildSettings = {
				BUNDLE_LOADER = "$(TEST_HOST)";
				CODE_SIGN_STYLE = Automatic;
				CURRENT_PROJECT_VERSION = 1;
				GENERATE_INFOPLIST_FILE = YES;
				IPHONEOS_DEPLOYMENT_TARGET = 18.2;
				MARKETING_VERSION = 1.0;
				PRODUCT_BUNDLE_IDENTIFIER = "com.butter.fitness-trackerTests";
				PRODUCT_NAME = "$(TARGET_NAME)";
				SWIFT_EMIT_LOC_STRINGS = NO;
				SWIFT_VERSION = 5.0;
				TARGETED_DEVICE_FAMILY = "1,2";
				TEST_HOST = "$(BUILT_PRODUCTS_DIR)/fitness-tracker.app/$(BUNDLE_EXECUTABLE_FOLDER_PATH)/fitness-tracker";
			};
			name = Release;
		};
		3656D2062E6F1E010022944B /* Debug */ = {
			isa = XCBuildConfiguration;
			buildSettings = {
				CODE_SIGN_STYLE = Automatic;
				CURRENT_PROJECT_VERSION = 1;
				GENERATE_INFOPLIST_FILE = YES;
				MARKETING_VERSION = 1.0;
				PRODUCT_BUNDLE_IDENTIFIER = "com.butter.fitness-trackerUITests";
				PRODUCT_NAME = "$(TARGET_NAME)";
				SWIFT_EMIT_LOC_STRINGS = NO;
				SWIFT_VERSION = 5.0;
				TARGETED_DEVICE_FAMILY = "1,2";
				TEST_TARGET_NAME = "fitness-tracker";
			};
			name = Debug;
		};
		3656D2072E6F1E010022944B /* Release */ = {
			isa = XCBuildConfiguration;
			buildSettings = {
				CODE_SIGN_STYLE = Automatic;
				CURRENT_PROJECT_VERSION = 1;
				GENERATE_INFOPLIST_FILE = YES;
				MARKETING_VERSION = 1.0;
				PRODUCT_BUNDLE_IDENTIFIER = "com.butter.fitness-trackerUITests";
				PRODUCT_NAME = "$(TARGET_NAME)";
				SWIFT_EMIT_LOC_STRINGS = NO;
				SWIFT_VERSION = 5.0;
				TARGETED_DEVICE_FAMILY = "1,2";
				TEST_TARGET_NAME = "fitness-tracker";
			};
			name = Release;
		};
/* End XCBuildConfiguration section */

/* Begin XCConfigurationList section */
		3656D1D62E6F1DFD0022944B /* Build configuration list for PBXProject "fitness-tracker" */ = {
			isa = XCConfigurationList;
			buildConfigurations = (
				3656D1FD2E6F1E010022944B /* Debug */,
				3656D1FE2E6F1E010022944B /* Release */,
			);
			defaultConfigurationIsVisible = 0;
			defaultConfigurationName = Release;
		};
		3656D1FF2E6F1E010022944B /* Build configuration list for PBXNativeTarget "fitness-tracker" */ = {
			isa = XCConfigurationList;
			buildConfigurations = (
				3656D2002E6F1E010022944B /* Debug */,
				3656D2012E6F1E010022944B /* Release */,
			);
			defaultConfigurationIsVisible = 0;
			defaultConfigurationName = Release;
		};
		3656D2022E6F1E010022944B /* Build configuration list for PBXNativeTarget "fitness-trackerTests" */ = {
			isa = XCConfigurationList;
			buildConfigurations = (
				3656D2032E6F1E010022944B /* Debug */,
				3656D2042E6F1E010022944B /* Release */,
			);
			defaultConfigurationIsVisible = 0;
			defaultConfigurationName = Release;
		};
		3656D2052E6F1E010022944B /* Build configuration list for PBXNativeTarget "fitness-trackerUITests" */ = {
			isa = XCConfigurationList;
			buildConfigurations = (
				3656D2062E6F1E010022944B /* Debug */,
				3656D2072E6F1E010022944B /* Release */,
			);
			defaultConfigurationIsVisible = 0;
			defaultConfigurationName = Release;
		};
/* End XCConfigurationList section */
	};
	rootObject = 3656D1D32E6F1DFD0022944B /* Project object */;
}
